
Microsoft Visual Studio Solution File, Format Version 12.00
# Visual Studio 2013
VisualStudioVersion = 12.0.21005.1
MinimumVisualStudioVersion = 10.0.40219.1
Project("{FAE04EC0-301F-11D3-BF4B-00C04F79EFBC}") = "QuanLyKhachSan", "QuanLyKhachSan\QuanLyKhachSan.csproj", "{8426852B-479F-4F53-B44D-9F3FD6CDC851}"
EndProject
Project("{FAE04EC0-301F-11D3-BF4B-00C04F79EFBC}") = "QuanLyKhachSanWeb", "QuanLyKhachSanWeb\QuanLyKhachSanWeb.csproj", "{39C1AB4C-54C8-4C1C-B4FD-1FE6CBD58548}"
EndProject
Project("{FAE04EC0-301F-11D3-BF4B-00C04F79EFBC}") = "QuanLyKhachSanWebCustomers", "QuanLyKhachSanWebCustomers\QuanLyKhachSanWebCustomers.csproj", "{D2D39F1E-3244-4981-A39E-B7100486E1C3}"
EndProject
Project("{54435603-DBB4-11D2-8724-00A0C9A8B90C}") = "Setup QLKS", "Setup QLBH\Setup QLBH.vdproj", "{E21BC4DB-DFB6-4A27-A32D-82124A553B4A}"
EndProject
Global
	GlobalSection(SolutionConfigurationPlatforms) = preSolution
		Debug|Any CPU = Debug|Any CPU
		Release|Any CPU = Release|Any CPU
	EndGlobalSection
	GlobalSection(ProjectConfigurationPlatforms) = postSolution
		{8426852B-479F-4F53-B44D-9F3FD6CDC851}.Debug|Any CPU.ActiveCfg = Debug|Any CPU
		{8426852B-479F-4F53-B44D-9F3FD6CDC851}.Debug|Any CPU.Build.0 = Debug|Any CPU
		{8426852B-479F-4F53-B44D-9F3FD6CDC851}.Release|Any CPU.ActiveCfg = Release|Any CPU
		{8426852B-479F-4F53-B44D-9F3FD6CDC851}.Release|Any CPU.Build.0 = Release|Any CPU
		{39C1AB4C-54C8-4C1C-B4FD-1FE6CBD58548}.Debug|Any CPU.ActiveCfg = Debug|Any CPU
		{39C1AB4C-54C8-4C1C-B4FD-1FE6CBD58548}.Debug|Any CPU.Build.0 = Debug|Any CPU
		{39C1AB4C-54C8-4C1C-B4FD-1FE6CBD58548}.Release|Any CPU.ActiveCfg = Release|Any CPU
		{39C1AB4C-54C8-4C1C-B4FD-1FE6CBD58548}.Release|Any CPU.Build.0 = Release|Any CPU
		{D2D39F1E-3244-4981-A39E-B7100486E1C3}.Debug|Any CPU.ActiveCfg = Debug|Any CPU
		{D2D39F1E-3244-4981-A39E-B7100486E1C3}.Debug|Any CPU.Build.0 = Debug|Any CPU
		{D2D39F1E-3244-4981-A39E-B7100486E1C3}.Release|Any CPU.ActiveCfg = Release|Any CPU
		{D2D39F1E-3244-4981-A39E-B7100486E1C3}.Release|Any CPU.Build.0 = Release|Any CPU
		{E21BC4DB-DFB6-4A27-A32D-82124A553B4A}.Debug|Any CPU.ActiveCfg = Debug
		{E21BC4DB-DFB6-4A27-A32D-82124A553B4A}.Release|Any CPU.ActiveCfg = Release
	EndGlobalSection
	GlobalSection(SolutionProperties) = preSolution
		HideSolutionNode = FALSE
	EndGlobalSection
EndGlobal
